// !$*UTF8*$!
{
	archiveVersion = 1;
	classes = {
	};
	objectVersion = 56;
	objects = {

/* Begin PBXBuildFile section */
		67441B382B2E682D00C7C9B6 /* Details.swift in Sources */ = {isa = PBXBuildFile; fileRef = 67441B372B2E682D00C7C9B6 /* Details.swift */; };
		67F89BD22B2C5128004AE9FD /* NetworkManager.swift in Sources */ = {isa = PBXBuildFile; fileRef = 67F89BD12B2C5128004AE9FD /* NetworkManager.swift */; };
		67F89BD42B2C5512004AE9FD /* PostData.swift in Sources */ = {isa = PBXBuildFile; fileRef = 67F89BD32B2C5512004AE9FD /* PostData.swift */; };
		B542016C2B2BB6C0009E4362 /* HackerNewsApp.swift in Sources */ = {isa = PBXBuildFile; fileRef = B542016B2B2BB6C0009E4362 /* HackerNewsApp.swift */; };
		B542016E2B2BB6C0009E4362 /* ContentView.swift in Sources */ = {isa = PBXBuildFile; fileRef = B542016D2B2BB6C0009E4362 /* ContentView.swift */; };
		B54201702B2BB6C1009E4362 /* Assets.xcassets in Resources */ = {isa = PBXBuildFile; fileRef = B542016F2B2BB6C1009E4362 /* Assets.xcassets */; };
		B54201732B2BB6C1009E4362 /* Preview Assets.xcassets in Resources */ = {isa = PBXBuildFile; fileRef = B54201722B2BB6C1009E4362 /* Preview Assets.xcassets */; };
		B5E47BD52B2EE3A4004F3D2D /* WebView.swift in Sources */ = {isa = PBXBuildFile; fileRef = B5E47BD42B2EE3A4004F3D2D /* WebView.swift */; };
/* End PBXBuildFile section */

/* Begin PBXFileReference section */
		67441B372B2E682D00C7C9B6 /* Details.swift */ = {isa = PBXFileReference; lastKnownFileType = sourcecode.swift; path = Details.swift; sourceTree = "<group>"; };
		67F89BD12B2C5128004AE9FD /* NetworkManager.swift */ = {isa = PBXFileReference; lastKnownFileType = sourcecode.swift; path = NetworkManager.swift; sourceTree = "<group>"; };
		67F89BD32B2C5512004AE9FD /* PostData.swift */ = {isa = PBXFileReference; lastKnownFileType = sourcecode.swift; path = PostData.swift; sourceTree = "<group>"; };
		B54201682B2BB6C0009E4362 /* HackerNews.app */ = {isa = PBXFileReference; explicitFileType = wrapper.application; includeInIndex = 0; path = HackerNews.app; sourceTree = BUILT_PRODUCTS_DIR; };
		B542016B2B2BB6C0009E4362 /* HackerNewsApp.swift */ = {isa = PBXFileReference; lastKnownFileType = sourcecode.swift; path = HackerNewsApp.swift; sourceTree = "<group>"; };
		B542016D2B2BB6C0009E4362 /* ContentView.swift */ = {isa = PBXFileReference; lastKnownFileType = sourcecode.swift; path = ContentView.swift; sourceTree = "<group>"; };
		B542016F2B2BB6C1009E4362 /* Assets.xcassets */ = {isa = PBXFileReference; lastKnownFileType = folder.assetcatalog; path = Assets.xcassets; sourceTree = "<group>"; };
		B54201722B2BB6C1009E4362 /* Preview Assets.xcassets */ = {isa = PBXFileReference; lastKnownFileType = folder.assetcatalog; path = "Preview Assets.xcassets"; sourceTree = "<group>"; };
		B5E47BD42B2EE3A4004F3D2D /* WebView.swift */ = {isa = PBXFileReference; lastKnownFileType = sourcecode.swift; path = WebView.swift; sourceTree = "<group>"; };
/* End PBXFileReference section */

/* Begin PBXFrameworksBuildPhase section */
		B54201652B2BB6C0009E4362 /* Frameworks */ = {
			isa = PBXFrameworksBuildPhase;
			buildActionMask = 2147483647;
			files = (
			);
			runOnlyForDeploymentPostprocessing = 0;
		};
/* End PBXFrameworksBuildPhase section */

/* Begin PBXGroup section */
		67441B362B2E64D100C7C9B6 /* Views */ = {
			isa = PBXGroup;
			children = (
				B542016D2B2BB6C0009E4362 /* ContentView.swift */,
				67441B372B2E682D00C7C9B6 /* Details.swift */,
				B5E47BD42B2EE3A4004F3D2D /* WebView.swift */,
			);
			path = Views;
			sourceTree = "<group>";
		};
		67F89BD02B2C50F3004AE9FD /* Models */ = {
			isa = PBXGroup;
			children = (
				67F89BD12B2C5128004AE9FD /* NetworkManager.swift */,
				67F89BD32B2C5512004AE9FD /* PostData.swift */,
			);
			path = Models;
			sourceTree = "<group>";
		};
		B542015F2B2BB6C0009E4362 = {
			isa = PBXGroup;
			children = (
				B542016A2B2BB6C0009E4362 /* HackerNews */,
				B54201692B2BB6C0009E4362 /* Products */,
			);
			sourceTree = "<group>";
		};
		B54201692B2BB6C0009E4362 /* Products */ = {
			isa = PBXGroup;
			children = (
				B54201682B2BB6C0009E4362 /* HackerNews.app */,
			);
			name = Products;
			sourceTree = "<group>";
		};
		B542016A2B2BB6C0009E4362 /* HackerNews */ = {
			isa = PBXGroup;
			children = (
				67F89BD02B2C50F3004AE9FD /* Models */,
				B542016B2B2BB6C0009E4362 /* HackerNewsApp.swift */,
				67441B362B2E64D100C7C9B6 /* Views */,
				B542016F2B2BB6C1009E4362 /* Assets.xcassets */,
				B54201712B2BB6C1009E4362 /* Preview Content */,
			);
			path = HackerNews;
			sourceTree = "<group>";
		};
		B54201712B2BB6C1009E4362 /* Preview Content */ = {
			isa = PBXGroup;
			children = (
				B54201722B2BB6C1009E4362 /* Preview Assets.xcassets */,
			);
			path = "Preview Content";
			sourceTree = "<group>";
		};
/* End PBXGroup section */

/* Begin PBXNativeTarget section */
		B54201672B2BB6C0009E4362 /* HackerNews */ = {
			isa = PBXNativeTarget;
			buildConfigurationList = B54201762B2BB6C1009E4362 /* Build configuration list for PBXNativeTarget "HackerNews" */;
			buildPhases = (
				B54201642B2BB6C0009E4362 /* Sources */,
				B54201652B2BB6C0009E4362 /* Frameworks */,
				B54201662B2BB6C0009E4362 /* Resources */,
			);
			buildRules = (
			);
			dependencies = (
			);
			name = HackerNews;
			productName = HackerNews;
			productReference = B54201682B2BB6C0009E4362 /* HackerNews.app */;
			productType = "com.apple.product-type.application";
		};
/* End PBXNativeTarget section */

/* Begin PBXProject section */
		B54201602B2BB6C0009E4362 /* Project object */ = {
			isa = PBXProject;
			attributes = {
				BuildIndependentTargetsInParallel = 1;
				LastSwiftUpdateCheck = 1510;
				LastUpgradeCheck = 1510;
				TargetAttributes = {
					B54201672B2BB6C0009E4362 = {
						CreatedOnToolsVersion = 15.1;
					};
				};
			};
			buildConfigurationList = B54201632B2BB6C0009E4362 /* Build configuration list for PBXProject "HackerNews" */;
			compatibilityVersion = "Xcode 14.0";
			developmentRegion = en;
			hasScannedForEncodings = 0;
			knownRegions = (
				en,
				Base,
			);
			mainGroup = B542015F2B2BB6C0009E4362;
			productRefGroup = B54201692B2BB6C0009E4362 /* Products */;
			projectDirPath = "";
			projectRoot = "";
			targets = (
				B54201672B2BB6C0009E4362 /* HackerNews */,
			);
		};
/* End PBXProject section */

/* Begin PBXResourcesBuildPhase section */
		B54201662B2BB6C0009E4362 /* Resources */ = {
			isa = PBXResourcesBuildPhase;
			buildActionMask = 2147483647;
			files = (
				B54201732B2BB6C1009E4362 /* Preview Assets.xcassets in Resources */,
				B54201702B2BB6C1009E4362 /* Assets.xcassets in Resources */,
			);
			runOnlyForDeploymentPostprocessing = 0;
		};
/* End PBXResourcesBuildPhase section */

/* Begin PBXSourcesBuildPhase section */
		B54201642B2BB6C0009E4362 /* Sources */ = {
			isa = PBXSourcesBuildPhase;
			buildActionMask = 2147483647;
			files = (
				67F89BD22B2C5128004AE9FD /* NetworkManager.swift in Sources */,
				67441B382B2E682D00C7C9B6 /* Details.swift in Sources */,
				67F89BD42B2C5512004AE9FD /* PostData.swift in Sources */,
				B5E47BD52B2EE3A4004F3D2D /* WebView.swift in Sources */,
				B542016E2B2BB6C0009E4362 /* ContentView.swift in Sources */,
				B542016C2B2BB6C0009E4362 /* HackerNewsApp.swift in Sources */,
			);
			runOnlyForDeploymentPostprocessing = 0;
		};
/* End PBXSourcesBuildPhase section */

/* Begin XCBuildConfiguration section */
		B54201742B2BB6C1009E4362 /* Debug */ = {
			isa = XCBuildConfiguration;
			buildSettings = {
				ALWAYS_SEARCH_USER_PATHS = NO;
				ASSETCATALOG_COMPILER_GENERATE_SWIFT_ASSET_SYMBOL_EXTENSIONS = YES;
				CLANG_ANALYZER_NONNULL = YES;
				CLANG_ANALYZER_NUMBER_OBJECT_CONVERSION = YES_AGGRESSIVE;
				CLANG_CXX_LANGUAGE_STANDARD = "gnu++20";
				CLANG_ENABLE_MODULES = YES;
				CLANG_ENABLE_OBJC_ARC = YES;
				CLANG_ENABLE_OBJC_WEAK = YES;
				CLANG_WARN_BLOCK_CAPTURE_AUTORELEASING = YES;
				CLANG_WARN_BOOL_CONVERSION = YES;
				CLANG_WARN_COMMA = YES;
				CLANG_WARN_CONSTANT_CONVERSION = YES;
				CLANG_WARN_DEPRECATED_OBJC_IMPLEMENTATIONS = YES;
				CLANG_WARN_DIRECT_OBJC_ISA_USAGE = YES_ERROR;
				CLANG_WARN_DOCUMENTATION_COMMENTS = YES;
				CLANG_WARN_EMPTY_BODY = YES;
				CLANG_WARN_ENUM_CONVERSION = YES;
				CLANG_WARN_INFINITE_RECURSION = YES;
				CLANG_WARN_INT_CONVERSION = YES;
				CLANG_WARN_NON_LITERAL_NULL_CONVERSION = YES;
				CLANG_WARN_OBJC_IMPLICIT_RETAIN_SELF = YES;
				CLANG_WARN_OBJC_LITERAL_CONVERSION = YES;
				CLANG_WARN_OBJC_ROOT_CLASS = YES_ERROR;
				CLANG_WARN_QUOTED_INCLUDE_IN_FRAMEWORK_HEADER = YES;
				CLANG_WARN_RANGE_LOOP_ANALYSIS = YES;
				CLANG_WARN_STRICT_PROTOTYPES = YES;
				CLANG_WARN_SUSPICIOUS_MOVE = YES;
				CLANG_WARN_UNGUARDED_AVAILABILITY = YES_AGGRESSIVE;
				CLANG_WARN_UNREACHABLE_CODE = YES;
				CLANG_WARN__DUPLICATE_METHOD_MATCH = YES;
				COPY_PHASE_STRIP = NO;
				DEBUG_INFORMATION_FORMAT = dwarf;
				ENABLE_STRICT_OBJC_MSGSEND = YES;
				ENABLE_TESTABILITY = YES;
				ENABLE_USER_SCRIPT_SANDBOXING = YES;
				GCC_C_LANGUAGE_STANDARD = gnu17;
				GCC_DYNAMIC_NO_PIC = NO;
				GCC_NO_COMMON_BLOCKS = YES;
				GCC_OPTIMIZATION_LEVEL = 0;
				GCC_PREPROCESSOR_DEFINITIONS = (
					"DEBUG=1",
					"$(inherited)",
				);
				GCC_WARN_64_TO_32_BIT_CONVERSION = YES;
				GCC_WARN_ABOUT_RETURN_TYPE = YES_ERROR;
				GCC_WARN_UNDECLARED_SELECTOR = YES;
				GCC_WARN_UNINITIALIZED_AUTOS = YES_AGGRESSIVE;
				GCC_WARN_UNUSED_FUNCTION = YES;
				GCC_WARN_UNUSED_VARIABLE = YES;
				IPHONEOS_DEPLOYMENT_TARGET = 17.2;
				LOCALIZATION_PREFERS_STRING_CATALOGS = YES;
				MTL_ENABLE_DEBUG_INFO = INCLUDE_SOURCE;
				MTL_FAST_MATH = YES;
				ONLY_ACTIVE_ARCH = YES;
				SDKROOT = iphoneos;
				SWIFT_ACTIVE_COMPILATION_CONDITIONS = "DEBUG $(inherited)";
				SWIFT_OPTIMIZATION_LEVEL = "-Onone";
			};
			name = Debug;
		};
		B54201752B2BB6C1009E4362 /* Release */ = {
			isa = XCBuildConfiguration;
			buildSettings = {
				ALWAYS_SEARCH_USER_PATHS = NO;
				ASSETCATALOG_COMPILER_GENERATE_SWIFT_ASSET_SYMBOL_EXTENSIONS = YES;
				CLANG_ANALYZER_NONNULL = YES;
				CLANG_ANALYZER_NUMBER_OBJECT_CONVERSION = YES_AGGRESSIVE;
				CLANG_CXX_LANGUAGE_STANDARD = "gnu++20";
				CLANG_ENABLE_MODULES = YES;
				CLANG_ENABLE_OBJC_ARC = YES;
				CLANG_ENABLE_OBJC_WEAK = YES;
				CLANG_WARN_BLOCK_CAPTURE_AUTORELEASING = YES;
				CLANG_WARN_BOOL_CONVERSION = YES;
				CLANG_WARN_COMMA = YES;
				CLANG_WARN_CONSTANT_CONVERSION = YES;
				CLANG_WARN_DEPRECATED_OBJC_IMPLEMENTATIONS = YES;
				CLANG_WARN_DIRECT_OBJC_ISA_USAGE = YES_ERROR;
				CLANG_WARN_DOCUMENTATION_COMMENTS = YES;
				CLANG_WARN_EMPTY_BODY = YES;
				CLANG_WARN_ENUM_CONVERSION = YES;
				CLANG_WARN_INFINITE_RECURSION = YES;
				CLANG_WARN_INT_CONVERSION = YES;
				CLANG_WARN_NON_LITERAL_NULL_CONVERSION = YES;
				CLANG_WARN_OBJC_IMPLICIT_RETAIN_SELF = YES;
				CLANG_WARN_OBJC_LITERAL_CONVERSION = YES;
				CLANG_WARN_OBJC_ROOT_CLASS = YES_ERROR;
				CLANG_WARN_QUOTED_INCLUDE_IN_FRAMEWORK_HEADER = YES;
				CLANG_WARN_RANGE_LOOP_ANALYSIS = YES;
				CLANG_WARN_STRICT_PROTOTYPES = YES;
				CLANG_WARN_SUSPICIOUS_MOVE = YES;
				CLANG_WARN_UNGUARDED_AVAILABILITY = YES_AGGRESSIVE;
				CLANG_WARN_UNREACHABLE_CODE = YES;
				CLANG_WARN__DUPLICATE_METHOD_MATCH = YES;
				COPY_PHASE_STRIP = NO;
				DEBUG_INFORMATION_FORMAT = "dwarf-with-dsym";
				ENABLE_NS_ASSERTIONS = NO;
				ENABLE_STRICT_OBJC_MSGSEND = YES;
				ENABLE_USER_SCRIPT_SANDBOXING = YES;
				GCC_C_LANGUAGE_STANDARD = gnu17;
				GCC_NO_COMMON_BLOCKS = YES;
				GCC_WARN_64_TO_32_BIT_CONVERSION = YES;
				GCC_WARN_ABOUT_RETURN_TYPE = YES_ERROR;
				GCC_WARN_UNDECLARED_SELECTOR = YES;
				GCC_WARN_UNINITIALIZED_AUTOS = YES_AGGRESSIVE;
				GCC_WARN_UNUSED_FUNCTION = YES;
				GCC_WARN_UNUSED_VARIABLE = YES;
				IPHONEOS_DEPLOYMENT_TARGET = 17.2;
				LOCALIZATION_PREFERS_STRING_CATALOGS = YES;
				MTL_ENABLE_DEBUG_INFO = NO;
				MTL_FAST_MATH = YES;
				SDKROOT = iphoneos;
				SWIFT_COMPILATION_MODE = wholemodule;
				VALIDATE_PRODUCT = YES;
			};
			name = Release;
		};
		B54201772B2BB6C1009E4362 /* Debug */ = {
			isa = XCBuildConfiguration;
			buildSettings = {
				ASSETCATALOG_COMPILER_APPICON_NAME = AppIcon;
				ASSETCATALOG_COMPILER_GLOBAL_ACCENT_COLOR_NAME = AccentColor;
				CODE_SIGN_STYLE = Automatic;
				CURRENT_PROJECT_VERSION = 1;
				DEVELOPMENT_ASSET_PATHS = "\"HackerNews/Preview Content\"";
				DEVELOPMENT_TEAM = KYS955CYLL;
				ENABLE_PREVIEWS = YES;
				GENERATE_INFOPLIST_FILE = YES;
				INFOPLIST_KEY_UIApplicationSceneManifest_Generation = YES;
				INFOPLIST_KEY_UIApplicationSupportsIndirectInputEvents = YES;
				INFOPLIST_KEY_UILaunchScreen_Generation = YES;
				INFOPLIST_KEY_UISupportedInterfaceOrientations_iPad = "UIInterfaceOrientationPortrait UIInterfaceOrientationPortraitUpsideDown UIInterfaceOrientationLandscapeLeft UIInterfaceOrientationLandscapeRight";
				INFOPLIST_KEY_UISupportedInterfaceOrientations_iPhone = "UIInterfaceOrientationPortrait UIInterfaceOrientationLandscapeLeft UIInterfaceOrientationLandscapeRight";
				LD_RUNPATH_SEARCH_PATHS = (
					"$(inherited)",
					"@executable_path/Frameworks",
				);
				MARKETING_VERSION = 1.0;
				PRODUCT_BUNDLE_IDENTIFIER = carsonclark.dev.HackerNews;
				PRODUCT_NAME = "$(TARGET_NAME)";
				SWIFT_EMIT_LOC_STRINGS = YES;
				SWIFT_VERSION = 5.0;
				TARGETED_DEVICE_FAMILY = "1,2";
			};
			name = Debug;
		};
		B54201782B2BB6C1009E4362 /* Release */ = {
			isa = XCBuildConfiguration;
			buildSettings = {
				ASSETCATALOG_COMPILER_APPICON_NAME = AppIcon;
				ASSETCATALOG_COMPILER_GLOBAL_ACCENT_COLOR_NAME = AccentColor;
				CODE_SIGN_STYLE = Automatic;
				CURRENT_PROJECT_VERSION = 1;
				DEVELOPMENT_ASSET_PATHS = "\"HackerNews/Preview Content\"";
				DEVELOPMENT_TEAM = KYS955CYLL;
				ENABLE_PREVIEWS = YES;
				GENERATE_INFOPLIST_FILE = YES;
				INFOPLIST_KEY_UIApplicationSceneManifest_Generation = YES;
				INFOPLIST_KEY_UIApplicationSupportsIndirectInputEvents = YES;
				INFOPLIST_KEY_UILaunchScreen_Generation = YES;
				INFOPLIST_KEY_UISupportedInterfaceOrientations_iPad = "UIInterfaceOrientationPortrait UIInterfaceOrientationPortraitUpsideDown UIInterfaceOrientationLandscapeLeft UIInterfaceOrientationLandscapeRight";
				INFOPLIST_KEY_UISupportedInterfaceOrientations_iPhone = "UIInterfaceOrientationPortrait UIInterfaceOrientationLandscapeLeft UIInterfaceOrientationLandscapeRight";
				LD_RUNPATH_SEARCH_PATHS = (
					"$(inherited)",
					"@executable_path/Frameworks",
				);
				MARKETING_VERSION = 1.0;
				PRODUCT_BUNDLE_IDENTIFIER = carsonclark.dev.HackerNews;
				PRODUCT_NAME = "$(TARGET_NAME)";
				SWIFT_EMIT_LOC_STRINGS = YES;
				SWIFT_VERSION = 5.0;
				TARGETED_DEVICE_FAMILY = "1,2";
			};
			name = Release;
		};
/* End XCBuildConfiguration section */

/* Begin XCConfigurationList section */
		B54201632B2BB6C0009E4362 /* Build configuration list for PBXProject "HackerNews" */ = {
			isa = XCConfigurationList;
			buildConfigurations = (
				B54201742B2BB6C1009E4362 /* Debug */,
				B54201752B2BB6C1009E4362 /* Release */,
			);
			defaultConfigurationIsVisible = 0;
			defaultConfigurationName = Release;
		};
		B54201762B2BB6C1009E4362 /* Build configuration list for PBXNativeTarget "HackerNews" */ = {
			isa = XCConfigurationList;
			buildConfigurations = (
				B54201772B2BB6C1009E4362 /* Debug */,
				B54201782B2BB6C1009E4362 /* Release */,
			);
			defaultConfigurationIsVisible = 0;
			defaultConfigurationName = Release;
		};
/* End XCConfigurationList section */
	};
	rootObject = B54201602B2BB6C0009E4362 /* Project object */;
}
